
Microsoft Visual Studio Solution File, Format Version 12.00
# Visual Studio 15
VisualStudioVersion = 15.0.28307.271
MinimumVisualStudioVersion = 10.0.40219.1
Project("{9A19103F-16F7-4668-BE54-9A1E7A4F7556}") = "AipSdk", "AipSdk\AipSdk.csproj", "{A11413F2-B51E-4A0E-A1C4-C42E2362C726}"
EndProject
Global
	GlobalSection(SolutionConfigurationPlatforms) = preSolution
		Debug|Any CPU = Debug|Any CPU
		Release|Any CPU = Release|Any CPU
	EndGlobalSection
	GlobalSection(ProjectConfigurationPlatforms) = postSolution
		{A11413F2-B51E-4A0E-A1C4-C42E2362C726}.Debug|Any CPU.ActiveCfg = Debug|Any CPU
		{A11413F2-B51E-4A0E-A1C4-C42E2362C726}.Debug|Any CPU.Build.0 = Debug|Any CPU
		{A11413F2-B51E-4A0E-A1C4-C42E2362C726}.Release|Any CPU.ActiveCfg = Release|Any CPU
		{A11413F2-B51E-4A0E-A1C4-C42E2362C726}.Release|Any CPU.Build.0 = Release|Any CPU
	EndGlobalSection
	GlobalSection(SolutionProperties) = preSolution
		HideSolutionNode = FALSE
	EndGlobalSection
	GlobalSection(ExtensibilityGlobals) = postSolution
		SolutionGuid = {E3B482CD-985C-4A8B-99AB-15DB29B30511}
	EndGlobalSection
EndGlobal
